// !$*UTF8*$!
{
	archiveVersion = 1;
	classes = {
	};
	objectVersion = 46;
	objects = {

/* Begin PBXBuildFile section */
		831A66BF1DCFCE5E0022B4C2 /* master_service.proto in Resources */ = {isa = PBXBuildFile; fileRef = 831A66BE1DCFCE5E0022B4C2 /* master_service.proto */; };
		831A66E41DCFE4620022B4C2 /* ProtoLexer.swift in Sources */ = {isa = PBXBuildFile; fileRef = 831A66DA1DCFE4620022B4C2 /* ProtoLexer.swift */; };
		831A66E51DCFE4620022B4C2 /* ProtoLexer.tokens in Resources */ = {isa = PBXBuildFile; fileRef = 831A66DB1DCFE4620022B4C2 /* ProtoLexer.tokens */; };
		831A66E61DCFE4620022B4C2 /* ProtoLexerATN.swift in Sources */ = {isa = PBXBuildFile; fileRef = 831A66DC1DCFE4620022B4C2 /* ProtoLexerATN.swift */; };
		831A66E71DCFE4620022B4C2 /* ProtoParser.swift in Sources */ = {isa = PBXBuildFile; fileRef = 831A66DD1DCFE4620022B4C2 /* ProtoParser.swift */; };
		831A66E81DCFE4620022B4C2 /* ProtoParser.tokens in Resources */ = {isa = PBXBuildFile; fileRef = 831A66DE1DCFE4620022B4C2 /* ProtoParser.tokens */; };
		831A66E91DCFE4620022B4C2 /* ProtoParserBaseListener.swift in Sources */ = {isa = PBXBuildFile; fileRef = 831A66DF1DCFE4620022B4C2 /* ProtoParserBaseListener.swift */; };
		831A66EA1DCFE4620022B4C2 /* ProtoParserBaseVisitor.swift in Sources */ = {isa = PBXBuildFile; fileRef = 831A66E01DCFE4620022B4C2 /* ProtoParserBaseVisitor.swift */; };
		831A66EB1DCFE4620022B4C2 /* ProtoParserListener.swift in Sources */ = {isa = PBXBuildFile; fileRef = 831A66E11DCFE4620022B4C2 /* ProtoParserListener.swift */; };
		831A66EC1DCFE4620022B4C2 /* ProtoParserParserATN.swift in Sources */ = {isa = PBXBuildFile; fileRef = 831A66E21DCFE4620022B4C2 /* ProtoParserParserATN.swift */; };
		831A66ED1DCFE4620022B4C2 /* ProtoParserVisitor.swift in Sources */ = {isa = PBXBuildFile; fileRef = 831A66E31DCFE4620022B4C2 /* ProtoParserVisitor.swift */; };
		8340D4241EB503550046BAF4 /* Antlr4.framework in Frameworks */ = {isa = PBXBuildFile; fileRef = 8340D4231EB503550046BAF4 /* Antlr4.framework */; };
		8340D4301EB50B6F0046BAF4 /* Java8.tokens in Resources */ = {isa = PBXBuildFile; fileRef = 8340D4261EB50B6F0046BAF4 /* Java8.tokens */; };
		8340D4311EB50B6F0046BAF4 /* Java8BaseListener.swift in Sources */ = {isa = PBXBuildFile; fileRef = 8340D4271EB50B6F0046BAF4 /* Java8BaseListener.swift */; };
		8340D4321EB50B6F0046BAF4 /* Java8BaseVisitor.swift in Sources */ = {isa = PBXBuildFile; fileRef = 8340D4281EB50B6F0046BAF4 /* Java8BaseVisitor.swift */; };
		8340D4331EB50B6F0046BAF4 /* Java8Lexer.swift in Sources */ = {isa = PBXBuildFile; fileRef = 8340D4291EB50B6F0046BAF4 /* Java8Lexer.swift */; };
		8340D4341EB50B6F0046BAF4 /* Java8Lexer.tokens in Resources */ = {isa = PBXBuildFile; fileRef = 8340D42A1EB50B6F0046BAF4 /* Java8Lexer.tokens */; };
		8340D4351EB50B6F0046BAF4 /* Java8LexerATN.swift in Sources */ = {isa = PBXBuildFile; fileRef = 8340D42B1EB50B6F0046BAF4 /* Java8LexerATN.swift */; };
		8340D4361EB50B6F0046BAF4 /* Java8Listener.swift in Sources */ = {isa = PBXBuildFile; fileRef = 8340D42C1EB50B6F0046BAF4 /* Java8Listener.swift */; };
		8340D4371EB50B6F0046BAF4 /* Java8Parser.swift in Sources */ = {isa = PBXBuildFile; fileRef = 8340D42D1EB50B6F0046BAF4 /* Java8Parser.swift */; };
		8340D4381EB50B6F0046BAF4 /* Java8ParserATN.swift in Sources */ = {isa = PBXBuildFile; fileRef = 8340D42E1EB50B6F0046BAF4 /* Java8ParserATN.swift */; };
		8340D4391EB50B6F0046BAF4 /* Java8Visitor.swift in Sources */ = {isa = PBXBuildFile; fileRef = 8340D42F1EB50B6F0046BAF4 /* Java8Visitor.swift */; };
		8340D43D1EB513000046BAF4 /* Java8.g4 in Resources */ = {isa = PBXBuildFile; fileRef = 8340D43C1EB513000046BAF4 /* Java8.g4 */; };
		8340D43F1EB513F20046BAF4 /* ProtoWalker.swift in Sources */ = {isa = PBXBuildFile; fileRef = 8340D43E1EB513F20046BAF4 /* ProtoWalker.swift */; };
		8340D4431EB516150046BAF4 /* Readme.md in Sources */ = {isa = PBXBuildFile; fileRef = 8340D4421EB516150046BAF4 /* Readme.md */; };
		8340D4461EB518380046BAF4 /* ProtoLexer.g4 in Resources */ = {isa = PBXBuildFile; fileRef = 8340D4441EB518380046BAF4 /* ProtoLexer.g4 */; };
		8340D4471EB518380046BAF4 /* ProtoParser.g4 in Resources */ = {isa = PBXBuildFile; fileRef = 8340D4451EB518380046BAF4 /* ProtoParser.g4 */; };
		8340D4481EB519970046BAF4 /* Test.java in Resources */ = {isa = PBXBuildFile; fileRef = 8340D43A1EB512680046BAF4 /* Test.java */; };
		8340D4491EB5199C0046BAF4 /* J2SwiftListener.java in Resources */ = {isa = PBXBuildFile; fileRef = 8340D4401EB5160B0046BAF4 /* J2SwiftListener.java */; };
		8340E9191EB824210046BAF4 /* Golang.tokens in Resources */ = {isa = PBXBuildFile; fileRef = 8340E90F1EB824210046BAF4 /* Golang.tokens */; };
		8340E91A1EB824210046BAF4 /* GolangBaseListener.swift in Sources */ = {isa = PBXBuildFile; fileRef = 8340E9101EB824210046BAF4 /* GolangBaseListener.swift */; };
		8340E91B1EB824210046BAF4 /* GolangBaseVisitor.swift in Sources */ = {isa = PBXBuildFile; fileRef = 8340E9111EB824210046BAF4 /* GolangBaseVisitor.swift */; };
		8340E91C1EB824210046BAF4 /* GolangLexer.swift in Sources */ = {isa = PBXBuildFile; fileRef = 8340E9121EB824210046BAF4 /* GolangLexer.swift */; };
		8340E91D1EB824210046BAF4 /* GolangLexer.tokens in Resources */ = {isa = PBXBuildFile; fileRef = 8340E9131EB824210046BAF4 /* GolangLexer.tokens */; };
		8340E91E1EB824210046BAF4 /* GolangLexerATN.swift in Sources */ = {isa = PBXBuildFile; fileRef = 8340E9141EB824210046BAF4 /* GolangLexerATN.swift */; };
		8340E91F1EB824210046BAF4 /* GolangListener.swift in Sources */ = {isa = PBXBuildFile; fileRef = 8340E9151EB824210046BAF4 /* GolangListener.swift */; };
		8340E9201EB824210046BAF4 /* GolangParser.swift in Sources */ = {isa = PBXBuildFile; fileRef = 8340E9161EB824210046BAF4 /* GolangParser.swift */; };
		8340E9211EB824210046BAF4 /* GolangParserATN.swift in Sources */ = {isa = PBXBuildFile; fileRef = 8340E9171EB824210046BAF4 /* GolangParserATN.swift */; };
		8340E9221EB824210046BAF4 /* GolangVisitor.swift in Sources */ = {isa = PBXBuildFile; fileRef = 8340E9181EB824210046BAF4 /* GolangVisitor.swift */; };
		8340E9241EB8248D0046BAF4 /* GolangWalker.swift in Sources */ = {isa = PBXBuildFile; fileRef = 8340E9231EB8248D0046BAF4 /* GolangWalker.swift */; };
		8340E9261EB825050046BAF4 /* session.go in Resources */ = {isa = PBXBuildFile; fileRef = 8340E9251EB825050046BAF4 /* session.go */; };
		F90690081C318A5C00AC6125 /* AppDelegate.swift in Sources */ = {isa = PBXBuildFile; fileRef = F90690071C318A5C00AC6125 /* AppDelegate.swift */; };
		F906900A1C318A5C00AC6125 /* Assets.xcassets in Resources */ = {isa = PBXBuildFile; fileRef = F90690091C318A5C00AC6125 /* Assets.xcassets */; };
		F906900D1C318A5C00AC6125 /* MainMenu.xib in Resources */ = {isa = PBXBuildFile; fileRef = F906900B1C318A5C00AC6125 /* MainMenu.xib */; };
		F906902A1C318A8600AC6125 /* Java8Walker.swift in Sources */ = {isa = PBXBuildFile; fileRef = F906901F1C318A8600AC6125 /* Java8Walker.swift */; };
		F97C245E1CBC61C200FA0105 /* HelloBaseListener.swift in Sources */ = {isa = PBXBuildFile; fileRef = F97C245D1CBC61C200FA0105 /* HelloBaseListener.swift */; };
		F984B3591CB4AD88004C31FB /* HelloLexerATN.swift in Sources */ = {isa = PBXBuildFile; fileRef = F984B34F1CB4AD88004C31FB /* HelloLexerATN.swift */; };
		F984B35A1CB4AD88004C31FB /* HelloParserATN.swift in Sources */ = {isa = PBXBuildFile; fileRef = F984B3501CB4AD88004C31FB /* HelloParserATN.swift */; };
		F984B35B1CB4AD88004C31FB /* Hello.tokens in Resources */ = {isa = PBXBuildFile; fileRef = F984B3511CB4AD88004C31FB /* Hello.tokens */; };
		F984B35D1CB4AD88004C31FB /* HelloBaseVisitor.swift in Sources */ = {isa = PBXBuildFile; fileRef = F984B3531CB4AD88004C31FB /* HelloBaseVisitor.swift */; };
		F984B35E1CB4AD88004C31FB /* HelloLexer.swift in Sources */ = {isa = PBXBuildFile; fileRef = F984B3541CB4AD88004C31FB /* HelloLexer.swift */; };
		F984B35F1CB4AD88004C31FB /* HelloLexer.tokens in Resources */ = {isa = PBXBuildFile; fileRef = F984B3551CB4AD88004C31FB /* HelloLexer.tokens */; };
		F984B3601CB4AD88004C31FB /* HelloListener.swift in Sources */ = {isa = PBXBuildFile; fileRef = F984B3561CB4AD88004C31FB /* HelloListener.swift */; };
		F984B3611CB4AD88004C31FB /* HelloParser.swift in Sources */ = {isa = PBXBuildFile; fileRef = F984B3571CB4AD88004C31FB /* HelloParser.swift */; };
		F984B3621CB4AD88004C31FB /* HelloVisitor.swift in Sources */ = {isa = PBXBuildFile; fileRef = F984B3581CB4AD88004C31FB /* HelloVisitor.swift */; };
/* End PBXBuildFile section */

/* Begin PBXFileReference section */
		831A66BE1DCFCE5E0022B4C2 /* master_service.proto */ = {isa = PBXFileReference; fileEncoding = 4; lastKnownFileType = text; path = master_service.proto; sourceTree = "<group>"; };
		831A66DA1DCFE4620022B4C2 /* ProtoLexer.swift */ = {isa = PBXFileReference; fileEncoding = 4; lastKnownFileType = sourcecode.swift; path = ProtoLexer.swift; sourceTree = "<group>"; };
		831A66DB1DCFE4620022B4C2 /* ProtoLexer.tokens */ = {isa = PBXFileReference; fileEncoding = 4; lastKnownFileType = text; path = ProtoLexer.tokens; sourceTree = "<group>"; };
		831A66DC1DCFE4620022B4C2 /* ProtoLexerATN.swift */ = {isa = PBXFileReference; fileEncoding = 4; lastKnownFileType = sourcecode.swift; path = ProtoLexerATN.swift; sourceTree = "<group>"; };
		831A66DD1DCFE4620022B4C2 /* ProtoParser.swift */ = {isa = PBXFileReference; fileEncoding = 4; lastKnownFileType = sourcecode.swift; path = ProtoParser.swift; sourceTree = "<group>"; };
		831A66DE1DCFE4620022B4C2 /* ProtoParser.tokens */ = {isa = PBXFileReference; fileEncoding = 4; lastKnownFileType = text; path = ProtoParser.tokens; sourceTree = "<group>"; };
		831A66DF1DCFE4620022B4C2 /* ProtoParserBaseListener.swift */ = {isa = PBXFileReference; fileEncoding = 4; lastKnownFileType = sourcecode.swift; path = ProtoParserBaseListener.swift; sourceTree = "<group>"; };
		831A66E01DCFE4620022B4C2 /* ProtoParserBaseVisitor.swift */ = {isa = PBXFileReference; fileEncoding = 4; lastKnownFileType = sourcecode.swift; path = ProtoParserBaseVisitor.swift; sourceTree = "<group>"; };
		831A66E11DCFE4620022B4C2 /* ProtoParserListener.swift */ = {isa = PBXFileReference; fileEncoding = 4; lastKnownFileType = sourcecode.swift; path = ProtoParserListener.swift; sourceTree = "<group>"; };
		831A66E21DCFE4620022B4C2 /* ProtoParserParserATN.swift */ = {isa = PBXFileReference; fileEncoding = 4; lastKnownFileType = sourcecode.swift; path = ProtoParserParserATN.swift; sourceTree = "<group>"; };
		831A66E31DCFE4620022B4C2 /* ProtoParserVisitor.swift */ = {isa = PBXFileReference; fileEncoding = 4; lastKnownFileType = sourcecode.swift; path = ProtoParserVisitor.swift; sourceTree = "<group>"; };
		8340D4231EB503550046BAF4 /* Antlr4.framework */ = {isa = PBXFileReference; lastKnownFileType = wrapper.framework; name = Antlr4.framework; path = ../build/Debug/Antlr4.framework; sourceTree = "<group>"; };
		8340D4261EB50B6F0046BAF4 /* Java8.tokens */ = {isa = PBXFileReference; fileEncoding = 4; lastKnownFileType = text; path = Java8.tokens; sourceTree = "<group>"; };
		8340D4271EB50B6F0046BAF4 /* Java8BaseListener.swift */ = {isa = PBXFileReference; fileEncoding = 4; lastKnownFileType = sourcecode.swift; path = Java8BaseListener.swift; sourceTree = "<group>"; };
		8340D4281EB50B6F0046BAF4 /* Java8BaseVisitor.swift */ = {isa = PBXFileReference; fileEncoding = 4; lastKnownFileType = sourcecode.swift; path = Java8BaseVisitor.swift; sourceTree = "<group>"; };
		8340D4291EB50B6F0046BAF4 /* Java8Lexer.swift */ = {isa = PBXFileReference; fileEncoding = 4; lastKnownFileType = sourcecode.swift; path = Java8Lexer.swift; sourceTree = "<group>"; };
		8340D42A1EB50B6F0046BAF4 /* Java8Lexer.tokens */ = {isa = PBXFileReference; fileEncoding = 4; lastKnownFileType = text; path = Java8Lexer.tokens; sourceTree = "<group>"; };
		8340D42B1EB50B6F0046BAF4 /* Java8LexerATN.swift */ = {isa = PBXFileReference; fileEncoding = 4; lastKnownFileType = sourcecode.swift; path = Java8LexerATN.swift; sourceTree = "<group>"; };
		8340D42C1EB50B6F0046BAF4 /* Java8Listener.swift */ = {isa = PBXFileReference; fileEncoding = 4; lastKnownFileType = sourcecode.swift; path = Java8Listener.swift; sourceTree = "<group>"; };
		8340D42D1EB50B6F0046BAF4 /* Java8Parser.swift */ = {isa = PBXFileReference; fileEncoding = 4; lastKnownFileType = sourcecode.swift; path = Java8Parser.swift; sourceTree = "<group>"; };
		8340D42E1EB50B6F0046BAF4 /* Java8ParserATN.swift */ = {isa = PBXFileReference; fileEncoding = 4; lastKnownFileType = sourcecode.swift; path = Java8ParserATN.swift; sourceTree = "<group>"; };
		8340D42F1EB50B6F0046BAF4 /* Java8Visitor.swift */ = {isa = PBXFileReference; fileEncoding = 4; lastKnownFileType = sourcecode.swift; path = Java8Visitor.swift; sourceTree = "<group>"; };
		8340D43A1EB512680046BAF4 /* Test.java */ = {isa = PBXFileReference; fileEncoding = 4; lastKnownFileType = sourcecode.java; path = Test.java; sourceTree = "<group>"; };
		8340D43C1EB513000046BAF4 /* Java8.g4 */ = {isa = PBXFileReference; fileEncoding = 4; lastKnownFileType = text; path = Java8.g4; sourceTree = "<group>"; };
		8340D43E1EB513F20046BAF4 /* ProtoWalker.swift */ = {isa = PBXFileReference; fileEncoding = 4; lastKnownFileType = sourcecode.swift; path = ProtoWalker.swift; sourceTree = "<group>"; };
		8340D4401EB5160B0046BAF4 /* J2SwiftListener.java */ = {isa = PBXFileReference; fileEncoding = 4; lastKnownFileType = sourcecode.java; path = J2SwiftListener.java; sourceTree = "<group>"; };
		8340D4421EB516150046BAF4 /* Readme.md */ = {isa = PBXFileReference; fileEncoding = 4; lastKnownFileType = net.daringfireball.markdown; path = Readme.md; sourceTree = "<group>"; };
		8340D4441EB518380046BAF4 /* ProtoLexer.g4 */ = {isa = PBXFileReference; fileEncoding = 4; lastKnownFileType = text; path = ProtoLexer.g4; sourceTree = "<group>"; };
		8340D4451EB518380046BAF4 /* ProtoParser.g4 */ = {isa = PBXFileReference; fileEncoding = 4; lastKnownFileType = text; path = ProtoParser.g4; sourceTree = "<group>"; };
		8340E90F1EB824210046BAF4 /* Golang.tokens */ = {isa = PBXFileReference; fileEncoding = 4; lastKnownFileType = text; path = Golang.tokens; sourceTree = "<group>"; };
		8340E9101EB824210046BAF4 /* GolangBaseListener.swift */ = {isa = PBXFileReference; fileEncoding = 4; lastKnownFileType = sourcecode.swift; path = GolangBaseListener.swift; sourceTree = "<group>"; };
		8340E9111EB824210046BAF4 /* GolangBaseVisitor.swift */ = {isa = PBXFileReference; fileEncoding = 4; lastKnownFileType = sourcecode.swift; path = GolangBaseVisitor.swift; sourceTree = "<group>"; };
		8340E9121EB824210046BAF4 /* GolangLexer.swift */ = {isa = PBXFileReference; fileEncoding = 4; lastKnownFileType = sourcecode.swift; path = GolangLexer.swift; sourceTree = "<group>"; };
		8340E9131EB824210046BAF4 /* GolangLexer.tokens */ = {isa = PBXFileReference; fileEncoding = 4; lastKnownFileType = text; path = GolangLexer.tokens; sourceTree = "<group>"; };
		8340E9141EB824210046BAF4 /* GolangLexerATN.swift */ = {isa = PBXFileReference; fileEncoding = 4; lastKnownFileType = sourcecode.swift; path = GolangLexerATN.swift; sourceTree = "<group>"; };
		8340E9151EB824210046BAF4 /* GolangListener.swift */ = {isa = PBXFileReference; fileEncoding = 4; lastKnownFileType = sourcecode.swift; path = GolangListener.swift; sourceTree = "<group>"; };
		8340E9161EB824210046BAF4 /* GolangParser.swift */ = {isa = PBXFileReference; fileEncoding = 4; lastKnownFileType = sourcecode.swift; path = GolangParser.swift; sourceTree = "<group>"; };
		8340E9171EB824210046BAF4 /* GolangParserATN.swift */ = {isa = PBXFileReference; fileEncoding = 4; lastKnownFileType = sourcecode.swift; path = GolangParserATN.swift; sourceTree = "<group>"; };
		8340E9181EB824210046BAF4 /* GolangVisitor.swift */ = {isa = PBXFileReference; fileEncoding = 4; lastKnownFileType = sourcecode.swift; path = GolangVisitor.swift; sourceTree = "<group>"; };
		8340E9231EB8248D0046BAF4 /* GolangWalker.swift */ = {isa = PBXFileReference; fileEncoding = 4; lastKnownFileType = sourcecode.swift; path = GolangWalker.swift; sourceTree = "<group>"; };
		8340E9251EB825050046BAF4 /* session.go */ = {isa = PBXFileReference; fileEncoding = 4; lastKnownFileType = text; path = session.go; sourceTree = "<group>"; };
		F90690041C318A5C00AC6125 /* Test.app */ = {isa = PBXFileReference; explicitFileType = wrapper.application; includeInIndex = 0; path = Test.app; sourceTree = BUILT_PRODUCTS_DIR; };
		F90690071C318A5C00AC6125 /* AppDelegate.swift */ = {isa = PBXFileReference; lastKnownFileType = sourcecode.swift; path = AppDelegate.swift; sourceTree = "<group>"; };
		F90690091C318A5C00AC6125 /* Assets.xcassets */ = {isa = PBXFileReference; lastKnownFileType = folder.assetcatalog; path = Assets.xcassets; sourceTree = "<group>"; };
		F906900C1C318A5C00AC6125 /* Base */ = {isa = PBXFileReference; lastKnownFileType = file.xib; name = Base; path = Base.lproj/MainMenu.xib; sourceTree = "<group>"; };
		F906900E1C318A5C00AC6125 /* Info.plist */ = {isa = PBXFileReference; lastKnownFileType = text.plist.xml; path = Info.plist; sourceTree = "<group>"; };
		F906901F1C318A8600AC6125 /* Java8Walker.swift */ = {isa = PBXFileReference; fileEncoding = 4; lastKnownFileType = sourcecode.swift; path = Java8Walker.swift; sourceTree = "<group>"; };
		F97C245D1CBC61C200FA0105 /* HelloBaseListener.swift */ = {isa = PBXFileReference; fileEncoding = 4; lastKnownFileType = sourcecode.swift; path = HelloBaseListener.swift; sourceTree = "<group>"; };
		F984B34F1CB4AD88004C31FB /* HelloLexerATN.swift */ = {isa = PBXFileReference; fileEncoding = 4; lastKnownFileType = sourcecode.swift; path = HelloLexerATN.swift; sourceTree = "<group>"; };
		F984B3501CB4AD88004C31FB /* HelloParserATN.swift */ = {isa = PBXFileReference; fileEncoding = 4; lastKnownFileType = sourcecode.swift; path = HelloParserATN.swift; sourceTree = "<group>"; };
		F984B3511CB4AD88004C31FB /* Hello.tokens */ = {isa = PBXFileReference; fileEncoding = 4; lastKnownFileType = text; path = Hello.tokens; sourceTree = "<group>"; };
		F984B3531CB4AD88004C31FB /* HelloBaseVisitor.swift */ = {isa = PBXFileReference; fileEncoding = 4; lastKnownFileType = sourcecode.swift; path = HelloBaseVisitor.swift; sourceTree = "<group>"; };
		F984B3541CB4AD88004C31FB /* HelloLexer.swift */ = {isa = PBXFileReference; fileEncoding = 4; lastKnownFileType = sourcecode.swift; path = HelloLexer.swift; sourceTree = "<group>"; };
		F984B3551CB4AD88004C31FB /* HelloLexer.tokens */ = {isa = PBXFileReference; fileEncoding = 4; lastKnownFileType = text; path = HelloLexer.tokens; sourceTree = "<group>"; };
		F984B3561CB4AD88004C31FB /* HelloListener.swift */ = {isa = PBXFileReference; fileEncoding = 4; lastKnownFileType = sourcecode.swift; path = HelloListener.swift; sourceTree = "<group>"; };
		F984B3571CB4AD88004C31FB /* HelloParser.swift */ = {isa = PBXFileReference; fileEncoding = 4; lastKnownFileType = sourcecode.swift; path = HelloParser.swift; sourceTree = "<group>"; };
		F984B3581CB4AD88004C31FB /* HelloVisitor.swift */ = {isa = PBXFileReference; fileEncoding = 4; lastKnownFileType = sourcecode.swift; path = HelloVisitor.swift; sourceTree = "<group>"; };
/* End PBXFileReference section */

/* Begin PBXFrameworksBuildPhase section */
		F90690011C318A5C00AC6125 /* Frameworks */ = {
			isa = PBXFrameworksBuildPhase;
			buildActionMask = 2147483647;
			files = (
				8340D4241EB503550046BAF4 /* Antlr4.framework in Frameworks */,
			);
			runOnlyForDeploymentPostprocessing = 0;
		};
/* End PBXFrameworksBuildPhase section */

/* Begin PBXGroup section */
		831A66D91DCFE4620022B4C2 /* Proto */ = {
			isa = PBXGroup;
			children = (
				8340D4441EB518380046BAF4 /* ProtoLexer.g4 */,
				8340D4451EB518380046BAF4 /* ProtoParser.g4 */,
				831A66DA1DCFE4620022B4C2 /* ProtoLexer.swift */,
				831A66DB1DCFE4620022B4C2 /* ProtoLexer.tokens */,
				831A66DC1DCFE4620022B4C2 /* ProtoLexerATN.swift */,
				831A66DD1DCFE4620022B4C2 /* ProtoParser.swift */,
				831A66DE1DCFE4620022B4C2 /* ProtoParser.tokens */,
				831A66DF1DCFE4620022B4C2 /* ProtoParserBaseListener.swift */,
				831A66E01DCFE4620022B4C2 /* ProtoParserBaseVisitor.swift */,
				831A66E11DCFE4620022B4C2 /* ProtoParserListener.swift */,
				831A66E21DCFE4620022B4C2 /* ProtoParserParserATN.swift */,
				831A66E31DCFE4620022B4C2 /* ProtoParserVisitor.swift */,
			);
			path = Proto;
			sourceTree = "<group>";
		};
		8340D4221EB503550046BAF4 /* Frameworks */ = {
			isa = PBXGroup;
			children = (
				8340D4231EB503550046BAF4 /* Antlr4.framework */,
			);
			name = Frameworks;
			sourceTree = "<group>";
		};
		8340D4251EB50B6F0046BAF4 /* java8 */ = {
			isa = PBXGroup;
			children = (
				8340D43C1EB513000046BAF4 /* Java8.g4 */,
				8340D4261EB50B6F0046BAF4 /* Java8.tokens */,
				8340D4271EB50B6F0046BAF4 /* Java8BaseListener.swift */,
				8340D4281EB50B6F0046BAF4 /* Java8BaseVisitor.swift */,
				8340D4291EB50B6F0046BAF4 /* Java8Lexer.swift */,
				8340D42A1EB50B6F0046BAF4 /* Java8Lexer.tokens */,
				8340D42B1EB50B6F0046BAF4 /* Java8LexerATN.swift */,
				8340D42C1EB50B6F0046BAF4 /* Java8Listener.swift */,
				8340D42D1EB50B6F0046BAF4 /* Java8Parser.swift */,
				8340D42E1EB50B6F0046BAF4 /* Java8ParserATN.swift */,
				8340D42F1EB50B6F0046BAF4 /* Java8Visitor.swift */,
			);
			path = java8;
			sourceTree = "<group>";
		};
		8340E90E1EB824210046BAF4 /* Golang */ = {
			isa = PBXGroup;
			children = (
				8340E90F1EB824210046BAF4 /* Golang.tokens */,
				8340E9101EB824210046BAF4 /* GolangBaseListener.swift */,
				8340E9111EB824210046BAF4 /* GolangBaseVisitor.swift */,
				8340E9121EB824210046BAF4 /* GolangLexer.swift */,
				8340E9131EB824210046BAF4 /* GolangLexer.tokens */,
				8340E9141EB824210046BAF4 /* GolangLexerATN.swift */,
				8340E9151EB824210046BAF4 /* GolangListener.swift */,
				8340E9161EB824210046BAF4 /* GolangParser.swift */,
				8340E9171EB824210046BAF4 /* GolangParserATN.swift */,
				8340E9181EB824210046BAF4 /* GolangVisitor.swift */,
			);
			path = Golang;
			sourceTree = "<group>";
		};
		F9068FFB1C318A5C00AC6125 = {
			isa = PBXGroup;
			children = (
				F90690061C318A5C00AC6125 /* Test */,
				F90690051C318A5C00AC6125 /* Products */,
				8340D4221EB503550046BAF4 /* Frameworks */,
			);
			sourceTree = "<group>";
		};
		F90690051C318A5C00AC6125 /* Products */ = {
			isa = PBXGroup;
			children = (
				F90690041C318A5C00AC6125 /* Test.app */,
			);
			name = Products;
			sourceTree = "<group>";
		};
		F90690061C318A5C00AC6125 /* Test */ = {
			isa = PBXGroup;
			children = (
				8340E90E1EB824210046BAF4 /* Golang */,
				8340D4421EB516150046BAF4 /* Readme.md */,
				8340D4401EB5160B0046BAF4 /* J2SwiftListener.java */,
				8340E9251EB825050046BAF4 /* session.go */,
				8340D43A1EB512680046BAF4 /* Test.java */,
				8340D4251EB50B6F0046BAF4 /* java8 */,
				831A66D91DCFE4620022B4C2 /* Proto */,
				831A66BE1DCFCE5E0022B4C2 /* master_service.proto */,
				F90690141C318A8600AC6125 /* Hello */,
				F906901F1C318A8600AC6125 /* Java8Walker.swift */,
				8340E9231EB8248D0046BAF4 /* GolangWalker.swift */,
				8340D43E1EB513F20046BAF4 /* ProtoWalker.swift */,
				F90690071C318A5C00AC6125 /* AppDelegate.swift */,
				F90690091C318A5C00AC6125 /* Assets.xcassets */,
				F906900B1C318A5C00AC6125 /* MainMenu.xib */,
				F906900E1C318A5C00AC6125 /* Info.plist */,
			);
			path = Test;
			sourceTree = "<group>";
		};
		F90690141C318A8600AC6125 /* Hello */ = {
			isa = PBXGroup;
			children = (
				F984B34F1CB4AD88004C31FB /* HelloLexerATN.swift */,
				F984B3501CB4AD88004C31FB /* HelloParserATN.swift */,
				F984B3511CB4AD88004C31FB /* Hello.tokens */,
				F97C245D1CBC61C200FA0105 /* HelloBaseListener.swift */,
				F984B3531CB4AD88004C31FB /* HelloBaseVisitor.swift */,
				F984B3541CB4AD88004C31FB /* HelloLexer.swift */,
				F984B3551CB4AD88004C31FB /* HelloLexer.tokens */,
				F984B3561CB4AD88004C31FB /* HelloListener.swift */,
				F984B3571CB4AD88004C31FB /* HelloParser.swift */,
				F984B3581CB4AD88004C31FB /* HelloVisitor.swift */,
			);
			path = Hello;
			sourceTree = "<group>";
		};
/* End PBXGroup section */

/* Begin PBXNativeTarget section */
		F90690031C318A5C00AC6125 /* Test */ = {
			isa = PBXNativeTarget;
			buildConfigurationList = F90690111C318A5C00AC6125 /* Build configuration list for PBXNativeTarget "Test" */;
			buildPhases = (
				F90690001C318A5C00AC6125 /* Sources */,
				F90690011C318A5C00AC6125 /* Frameworks */,
				F90690021C318A5C00AC6125 /* Resources */,
			);
			buildRules = (
			);
			dependencies = (
			);
			name = Test;
			productName = Test;
			productReference = F90690041C318A5C00AC6125 /* Test.app */;
			productType = "com.apple.product-type.application";
		};
/* End PBXNativeTarget section */

/* Begin PBXProject section */
		F9068FFC1C318A5C00AC6125 /* Project object */ = {
			isa = PBXProject;
			attributes = {
				LastSwiftUpdateCheck = 0710;
				LastUpgradeCheck = 0800;
				ORGANIZATIONNAME = jlabs;
				TargetAttributes = {
					F90690031C318A5C00AC6125 = {
						CreatedOnToolsVersion = 7.1;
						LastSwiftMigration = 0800;
					};
				};
			};
			buildConfigurationList = F9068FFF1C318A5C00AC6125 /* Build configuration list for PBXProject "Test" */;
			compatibilityVersion = "Xcode 3.2";
			developmentRegion = English;
			hasScannedForEncodings = 0;
			knownRegions = (
				en,
				Base,
			);
			mainGroup = F9068FFB1C318A5C00AC6125;
			productRefGroup = F90690051C318A5C00AC6125 /* Products */;
			projectDirPath = "";
			projectRoot = "";
			targets = (
				F90690031C318A5C00AC6125 /* Test */,
			);
		};
/* End PBXProject section */

/* Begin PBXResourcesBuildPhase section */
		F90690021C318A5C00AC6125 /* Resources */ = {
			isa = PBXResourcesBuildPhase;
			buildActionMask = 2147483647;
			files = (
				8340D4301EB50B6F0046BAF4 /* Java8.tokens in Resources */,
				831A66E51DCFE4620022B4C2 /* ProtoLexer.tokens in Resources */,
				8340E9261EB825050046BAF4 /* session.go in Resources */,
				8340E9191EB824210046BAF4 /* Golang.tokens in Resources */,
				F906900A1C318A5C00AC6125 /* Assets.xcassets in Resources */,
				831A66BF1DCFCE5E0022B4C2 /* master_service.proto in Resources */,
				8340D4471EB518380046BAF4 /* ProtoParser.g4 in Resources */,
				F984B35B1CB4AD88004C31FB /* Hello.tokens in Resources */,
				831A66E81DCFE4620022B4C2 /* ProtoParser.tokens in Resources */,
				8340D4461EB518380046BAF4 /* ProtoLexer.g4 in Resources */,
				F984B35F1CB4AD88004C31FB /* HelloLexer.tokens in Resources */,
				8340D4341EB50B6F0046BAF4 /* Java8Lexer.tokens in Resources */,
				F906900D1C318A5C00AC6125 /* MainMenu.xib in Resources */,
				8340E91D1EB824210046BAF4 /* GolangLexer.tokens in Resources */,
				8340D4491EB5199C0046BAF4 /* J2SwiftListener.java in Resources */,
				8340D4481EB519970046BAF4 /* Test.java in Resources */,
				8340D43D1EB513000046BAF4 /* Java8.g4 in Resources */,
			);
			runOnlyForDeploymentPostprocessing = 0;
		};
/* End PBXResourcesBuildPhase section */

/* Begin PBXSourcesBuildPhase section */
		F90690001C318A5C00AC6125 /* Sources */ = {
			isa = PBXSourcesBuildPhase;
			buildActionMask = 2147483647;
			files = (
				F984B3601CB4AD88004C31FB /* HelloListener.swift in Sources */,
				8340D4351EB50B6F0046BAF4 /* Java8LexerATN.swift in Sources */,
				F984B35E1CB4AD88004C31FB /* HelloLexer.swift in Sources */,
				F90690081C318A5C00AC6125 /* AppDelegate.swift in Sources */,
				8340D4381EB50B6F0046BAF4 /* Java8ParserATN.swift in Sources */,
				831A66EC1DCFE4620022B4C2 /* ProtoParserParserATN.swift in Sources */,
				8340D4331EB50B6F0046BAF4 /* Java8Lexer.swift in Sources */,
				8340E91B1EB824210046BAF4 /* GolangBaseVisitor.swift in Sources */,
				831A66ED1DCFE4620022B4C2 /* ProtoParserVisitor.swift in Sources */,
				F984B3611CB4AD88004C31FB /* HelloParser.swift in Sources */,
				8340E9241EB8248D0046BAF4 /* GolangWalker.swift in Sources */,
				8340E91E1EB824210046BAF4 /* GolangLexerATN.swift in Sources */,
				8340E91F1EB824210046BAF4 /* GolangListener.swift in Sources */,
				8340D4321EB50B6F0046BAF4 /* Java8BaseVisitor.swift in Sources */,
				8340D4311EB50B6F0046BAF4 /* Java8BaseListener.swift in Sources */,
				831A66EA1DCFE4620022B4C2 /* ProtoParserBaseVisitor.swift in Sources */,
				F906902A1C318A8600AC6125 /* Java8Walker.swift in Sources */,
				8340E9201EB824210046BAF4 /* GolangParser.swift in Sources */,
				8340D4361EB50B6F0046BAF4 /* Java8Listener.swift in Sources */,
				831A66E61DCFE4620022B4C2 /* ProtoLexerATN.swift in Sources */,
				8340E91A1EB824210046BAF4 /* GolangBaseListener.swift in Sources */,
				8340E9211EB824210046BAF4 /* GolangParserATN.swift in Sources */,
				8340D43F1EB513F20046BAF4 /* ProtoWalker.swift in Sources */,
				8340E91C1EB824210046BAF4 /* GolangLexer.swift in Sources */,
				F984B35D1CB4AD88004C31FB /* HelloBaseVisitor.swift in Sources */,
				F984B3591CB4AD88004C31FB /* HelloLexerATN.swift in Sources */,
				F97C245E1CBC61C200FA0105 /* HelloBaseListener.swift in Sources */,
				8340D4431EB516150046BAF4 /* Readme.md in Sources */,
				831A66E41DCFE4620022B4C2 /* ProtoLexer.swift in Sources */,
				831A66EB1DCFE4620022B4C2 /* ProtoParserListener.swift in Sources */,
				8340D4371EB50B6F0046BAF4 /* Java8Parser.swift in Sources */,
				8340E9221EB824210046BAF4 /* GolangVisitor.swift in Sources */,
				831A66E91DCFE4620022B4C2 /* ProtoParserBaseListener.swift in Sources */,
				831A66E71DCFE4620022B4C2 /* ProtoParser.swift in Sources */,
				F984B35A1CB4AD88004C31FB /* HelloParserATN.swift in Sources */,
				F984B3621CB4AD88004C31FB /* HelloVisitor.swift in Sources */,
				8340D4391EB50B6F0046BAF4 /* Java8Visitor.swift in Sources */,
			);
			runOnlyForDeploymentPostprocessing = 0;
		};
/* End PBXSourcesBuildPhase section */

/* Begin PBXVariantGroup section */
		F906900B1C318A5C00AC6125 /* MainMenu.xib */ = {
			isa = PBXVariantGroup;
			children = (
				F906900C1C318A5C00AC6125 /* Base */,
			);
			name = MainMenu.xib;
			sourceTree = "<group>";
		};
/* End PBXVariantGroup section */

/* Begin XCBuildConfiguration section */
		F906900F1C318A5C00AC6125 /* Debug */ = {
			isa = XCBuildConfiguration;
			buildSettings = {
				ALWAYS_SEARCH_USER_PATHS = NO;
				CLANG_CXX_LANGUAGE_STANDARD = "gnu++0x";
				CLANG_CXX_LIBRARY = "libc++";
				CLANG_ENABLE_MODULES = YES;
				CLANG_ENABLE_OBJC_ARC = YES;
				CLANG_WARN_BOOL_CONVERSION = YES;
				CLANG_WARN_CONSTANT_CONVERSION = YES;
				CLANG_WARN_DIRECT_OBJC_ISA_USAGE = YES_ERROR;
				CLANG_WARN_EMPTY_BODY = YES;
				CLANG_WARN_ENUM_CONVERSION = YES;
				CLANG_WARN_INT_CONVERSION = YES;
				CLANG_WARN_OBJC_ROOT_CLASS = YES_ERROR;
				CLANG_WARN_UNREACHABLE_CODE = YES;
				CLANG_WARN__DUPLICATE_METHOD_MATCH = YES;
				CODE_SIGN_IDENTITY = "-";
				COPY_PHASE_STRIP = NO;
				DEBUG_INFORMATION_FORMAT = dwarf;
				ENABLE_STRICT_OBJC_MSGSEND = YES;
				ENABLE_TESTABILITY = YES;
				GCC_C_LANGUAGE_STANDARD = gnu99;
				GCC_DYNAMIC_NO_PIC = NO;
				GCC_NO_COMMON_BLOCKS = YES;
				GCC_OPTIMIZATION_LEVEL = 0;
				GCC_PREPROCESSOR_DEFINITIONS = (
					"DEBUG=1",
					"$(inherited)",
				);
				GCC_WARN_64_TO_32_BIT_CONVERSION = YES;
				GCC_WARN_ABOUT_RETURN_TYPE = YES_ERROR;
				GCC_WARN_UNDECLARED_SELECTOR = YES;
				GCC_WARN_UNINITIALIZED_AUTOS = YES_AGGRESSIVE;
				GCC_WARN_UNUSED_FUNCTION = YES;
				GCC_WARN_UNUSED_VALUE = NO;
				GCC_WARN_UNUSED_VARIABLE = NO;
				MACOSX_DEPLOYMENT_TARGET = 10.10;
				MTL_ENABLE_DEBUG_INFO = YES;
				ONLY_ACTIVE_ARCH = YES;
				SDKROOT = macosx;
				SWIFT_OPTIMIZATION_LEVEL = "-Onone";
			};
			name = Debug;
		};
		F90690101C318A5C00AC6125 /* Release */ = {
			isa = XCBuildConfiguration;
			buildSettings = {
				ALWAYS_SEARCH_USER_PATHS = NO;
				CLANG_CXX_LANGUAGE_STANDARD = "gnu++0x";
				CLANG_CXX_LIBRARY = "libc++";
				CLANG_ENABLE_MODULES = YES;
				CLANG_ENABLE_OBJC_ARC = YES;
				CLANG_WARN_BOOL_CONVERSION = YES;
				CLANG_WARN_CONSTANT_CONVERSION = YES;
				CLANG_WARN_DIRECT_OBJC_ISA_USAGE = YES_ERROR;
				CLANG_WARN_EMPTY_BODY = YES;
				CLANG_WARN_ENUM_CONVERSION = YES;
				CLANG_WARN_INT_CONVERSION = YES;
				CLANG_WARN_OBJC_ROOT_CLASS = YES_ERROR;
				CLANG_WARN_UNREACHABLE_CODE = YES;
				CLANG_WARN__DUPLICATE_METHOD_MATCH = YES;
				CODE_SIGN_IDENTITY = "-";
				COPY_PHASE_STRIP = NO;
				DEBUG_INFORMATION_FORMAT = "dwarf-with-dsym";
				ENABLE_NS_ASSERTIONS = NO;
				ENABLE_STRICT_OBJC_MSGSEND = YES;
				GCC_C_LANGUAGE_STANDARD = gnu99;
				GCC_NO_COMMON_BLOCKS = YES;
				GCC_WARN_64_TO_32_BIT_CONVERSION = YES;
				GCC_WARN_ABOUT_RETURN_TYPE = YES_ERROR;
				GCC_WARN_UNDECLARED_SELECTOR = YES;
				GCC_WARN_UNINITIALIZED_AUTOS = YES_AGGRESSIVE;
				GCC_WARN_UNUSED_FUNCTION = YES;
				GCC_WARN_UNUSED_VALUE = NO;
				GCC_WARN_UNUSED_VARIABLE = NO;
				MACOSX_DEPLOYMENT_TARGET = 10.10;
				MTL_ENABLE_DEBUG_INFO = NO;
				SDKROOT = macosx;
			};
			name = Release;
		};
		F90690121C318A5C00AC6125 /* Debug */ = {
			isa = XCBuildConfiguration;
			buildSettings = {
				ASSETCATALOG_COMPILER_APPICON_NAME = AppIcon;
				COMBINE_HIDPI_IMAGES = YES;
				GCC_WARN_UNUSED_VALUE = NO;
				GCC_WARN_UNUSED_VARIABLE = NO;
				INFOPLIST_FILE = Test/Info.plist;
				LD_RUNPATH_SEARCH_PATHS = "$(inherited) @executable_path/../Frameworks";
				PRODUCT_BUNDLE_IDENTIFIER = jlabs.Test;
				PRODUCT_NAME = "$(TARGET_NAME)";
				SWIFT_VERSION = 3.0;
			};
			name = Debug;
		};
		F90690131C318A5C00AC6125 /* Release */ = {
			isa = XCBuildConfiguration;
			buildSettings = {
				ASSETCATALOG_COMPILER_APPICON_NAME = AppIcon;
				COMBINE_HIDPI_IMAGES = YES;
				GCC_WARN_UNUSED_VALUE = NO;
				GCC_WARN_UNUSED_VARIABLE = NO;
				INFOPLIST_FILE = Test/Info.plist;
				LD_RUNPATH_SEARCH_PATHS = "$(inherited) @executable_path/../Frameworks";
				PRODUCT_BUNDLE_IDENTIFIER = jlabs.Test;
				PRODUCT_NAME = "$(TARGET_NAME)";
				SWIFT_OPTIMIZATION_LEVEL = "-Owholemodule";
				SWIFT_VERSION = 3.0;
			};
			name = Release;
		};
/* End XCBuildConfiguration section */

/* Begin XCConfigurationList section */
		F9068FFF1C318A5C00AC6125 /* Build configuration list for PBXProject "Test" */ = {
			isa = XCConfigurationList;
			buildConfigurations = (
				F906900F1C318A5C00AC6125 /* Debug */,
				F90690101C318A5C00AC6125 /* Release */,
			);
			defaultConfigurationIsVisible = 0;
			defaultConfigurationName = Release;
		};
		F90690111C318A5C00AC6125 /* Build configuration list for PBXNativeTarget "Test" */ = {
			isa = XCConfigurationList;
			buildConfigurations = (
				F90690121C318A5C00AC6125 /* Debug */,
				F90690131C318A5C00AC6125 /* Release */,
			);
			defaultConfigurationIsVisible = 0;
			defaultConfigurationName = Release;
		};
/* End XCConfigurationList section */
	};
	rootObject = F9068FFC1C318A5C00AC6125 /* Project object */;
}
